
Microsoft Visual Studio Solution File, Format Version 12.00
# Visual Studio Version 16
VisualStudioVersion = 16.0.31911.196
MinimumVisualStudioVersion = 10.0.40219.1
Project("{FAE04EC0-301F-11D3-BF4B-00C04F79EFBC}") = "u21589276_HW04", "u21589276_HW04\u21589276_HW04.csproj", "{2C71939F-034E-4E97-BBC8-6B305AD9C92F}"
EndProject
Global
	GlobalSection(SolutionConfigurationPlatforms) = preSolution
		Debug|Any CPU = Debug|Any CPU
		Release|Any CPU = Release|Any CPU
	EndGlobalSection
	GlobalSection(ProjectConfigurationPlatforms) = postSolution
		{2C71939F-034E-4E97-BBC8-6B305AD9C92F}.Debug|Any CPU.ActiveCfg = Debug|Any CPU
		{2C71939F-034E-4E97-BBC8-6B305AD9C92F}.Debug|Any CPU.Build.0 = Debug|Any CPU
		{2C71939F-034E-4E97-BBC8-6B305AD9C92F}.Release|Any CPU.ActiveCfg = Release|Any CPU
		{2C71939F-034E-4E97-BBC8-6B305AD9C92F}.Release|Any CPU.Build.0 = Release|Any CPU
	EndGlobalSection
	GlobalSection(SolutionProperties) = preSolution
		HideSolutionNode = FALSE
	EndGlobalSection
	GlobalSection(ExtensibilityGlobals) = postSolution
		SolutionGuid = {185401E4-AAE0-4E6A-B097-6F6D5C5565B4}
	EndGlobalSection
EndGlobal
